
Microsoft Visual Studio Solution File, Format Version 12.00
# Visual Studio Version 17
VisualStudioVersion = 17.0.31903.59
MinimumVisualStudioVersion = 10.0.40219.1
Project("{FAE04EC0-301F-11D3-BF4B-00C04F79EFBC}") = "Store.Domain", "Store.Domain\Store.Domain.csproj", "{C307E194-699F-45FE-8EC5-1CAA06174C57}"
EndProject
Project("{FAE04EC0-301F-11D3-BF4B-00C04F79EFBC}") = "Store.Tests", "Store.Tests\Store.Tests.csproj", "{6F92A297-D2A7-4EFE-8DAF-F3C83B2EE885}"
EndProject
Global
	GlobalSection(SolutionConfigurationPlatforms) = preSolution
		Debug|Any CPU = Debug|Any CPU
		Release|Any CPU = Release|Any CPU
	EndGlobalSection
	GlobalSection(SolutionProperties) = preSolution
		HideSolutionNode = FALSE
	EndGlobalSection
	GlobalSection(ProjectConfigurationPlatforms) = postSolution
		{C307E194-699F-45FE-8EC5-1CAA06174C57}.Debug|Any CPU.ActiveCfg = Debug|Any CPU
		{C307E194-699F-45FE-8EC5-1CAA06174C57}.Debug|Any CPU.Build.0 = Debug|Any CPU
		{C307E194-699F-45FE-8EC5-1CAA06174C57}.Release|Any CPU.ActiveCfg = Release|Any CPU
		{C307E194-699F-45FE-8EC5-1CAA06174C57}.Release|Any CPU.Build.0 = Release|Any CPU
		{6F92A297-D2A7-4EFE-8DAF-F3C83B2EE885}.Debug|Any CPU.ActiveCfg = Debug|Any CPU
		{6F92A297-D2A7-4EFE-8DAF-F3C83B2EE885}.Debug|Any CPU.Build.0 = Debug|Any CPU
		{6F92A297-D2A7-4EFE-8DAF-F3C83B2EE885}.Release|Any CPU.ActiveCfg = Release|Any CPU
		{6F92A297-D2A7-4EFE-8DAF-F3C83B2EE885}.Release|Any CPU.Build.0 = Release|Any CPU
	EndGlobalSection
EndGlobal
